
Microsoft Visual Studio Solution File, Format Version 11.00
# Visual Studio 2010
Project("{8BC9CEB8-8B4A-11D0-8D11-00A0C91BC942}") = "headtracker", "headtracker\headtracker.vcxproj", "{81FC8292-C95B-4E28-BF2A-900F4068E6E8}"
EndProject
Project("{8BC9CEB8-8B4A-11D0-8D11-00A0C91BC942}") = "headtracker-demo", "headtracker-demo\headtracker-demo.vcxproj", "{5C8978D1-CA85-4AD6-B2AA-74E80B19E572}"
	ProjectSection(ProjectDependencies) = postProject
		{81FC8292-C95B-4E28-BF2A-900F4068E6E8} = {81FC8292-C95B-4E28-BF2A-900F4068E6E8}
	EndProjectSection
EndProject
Project("{2150E333-8FDC-42A3-9474-1A3956D46DE8}") = "Solution Items", "Solution Items", "{1A258F86-A651-4C9C-B4BD-3F44F2E89796}"
EndProject
Global
	GlobalSection(SolutionConfigurationPlatforms) = preSolution
		Debug|Win32 = Debug|Win32
		Release|Win32 = Release|Win32
	EndGlobalSection
	GlobalSection(ProjectConfigurationPlatforms) = postSolution
		{81FC8292-C95B-4E28-BF2A-900F4068E6E8}.Debug|Win32.ActiveCfg = Debug|Win32
		{81FC8292-C95B-4E28-BF2A-900F4068E6E8}.Debug|Win32.Build.0 = Debug|Win32
		{81FC8292-C95B-4E28-BF2A-900F4068E6E8}.Release|Win32.ActiveCfg = Release|Win32
		{81FC8292-C95B-4E28-BF2A-900F4068E6E8}.Release|Win32.Build.0 = Release|Win32
		{5C8978D1-CA85-4AD6-B2AA-74E80B19E572}.Debug|Win32.ActiveCfg = Debug|Win32
		{5C8978D1-CA85-4AD6-B2AA-74E80B19E572}.Debug|Win32.Build.0 = Debug|Win32
		{5C8978D1-CA85-4AD6-B2AA-74E80B19E572}.Release|Win32.ActiveCfg = Release|Win32
		{5C8978D1-CA85-4AD6-B2AA-74E80B19E572}.Release|Win32.Build.0 = Release|Win32
	EndGlobalSection
	GlobalSection(SolutionProperties) = preSolution
		HideSolutionNode = FALSE
	EndGlobalSection
EndGlobal
